
Microsoft Visual Studio Solution File, Format Version 12.00
# Visual Studio Version 16
VisualStudioVersion = 16.0.32126.315
MinimumVisualStudioVersion = 10.0.40219.1
Project("{FAE04EC0-301F-11D3-BF4B-00C04F79EFBC}") = "ConsultaCEP.UWP", "ConsultaCEP.UWP\ConsultaCEP.UWP.csproj", "{6BC3FB29-EA87-43FA-9A5C-3F33FE7CDB5A}"
EndProject
Project("{FAE04EC0-301F-11D3-BF4B-00C04F79EFBC}") = "ConsultaCEP.Android", "ConsultaCEP.Android\ConsultaCEP.Android.csproj", "{85E307A8-5B3C-44F2-80F6-5EDB2E1B0440}"
EndProject
Project("{FAE04EC0-301F-11D3-BF4B-00C04F79EFBC}") = "ConsultaCEP.iOS", "ConsultaCEP.iOS\ConsultaCEP.iOS.csproj", "{05F35E9D-4ED2-4CE5-8B49-5920AC0FFBE5}"
EndProject
Project("{FAE04EC0-301F-11D3-BF4B-00C04F79EFBC}") = "ConsultaCEP", "ConsultaCEP\ConsultaCEP.csproj", "{C4631F31-7DAC-467E-BEA0-62CC12B49A2A}"
EndProject
Global
	GlobalSection(SolutionConfigurationPlatforms) = preSolution
		Debug|Any CPU = Debug|Any CPU
		Debug|ARM = Debug|ARM
		Debug|iPhone = Debug|iPhone
		Debug|iPhoneSimulator = Debug|iPhoneSimulator
		Debug|x64 = Debug|x64
		Debug|x86 = Debug|x86
		Release|Any CPU = Release|Any CPU
		Release|ARM = Release|ARM
		Release|iPhone = Release|iPhone
		Release|iPhoneSimulator = Release|iPhoneSimulator
		Release|x64 = Release|x64
		Release|x86 = Release|x86
	EndGlobalSection
	GlobalSection(ProjectConfigurationPlatforms) = postSolution
		{6BC3FB29-EA87-43FA-9A5C-3F33FE7CDB5A}.Debug|Any CPU.ActiveCfg = Debug|x86
		{6BC3FB29-EA87-43FA-9A5C-3F33FE7CDB5A}.Debug|Any CPU.Build.0 = Debug|x86
		{6BC3FB29-EA87-43FA-9A5C-3F33FE7CDB5A}.Debug|Any CPU.Deploy.0 = Debug|x86
		{6BC3FB29-EA87-43FA-9A5C-3F33FE7CDB5A}.Debug|ARM.ActiveCfg = Debug|ARM
		{6BC3FB29-EA87-43FA-9A5C-3F33FE7CDB5A}.Debug|ARM.Build.0 = Debug|ARM
		{6BC3FB29-EA87-43FA-9A5C-3F33FE7CDB5A}.Debug|ARM.Deploy.0 = Debug|ARM
		{6BC3FB29-EA87-43FA-9A5C-3F33FE7CDB5A}.Debug|iPhone.ActiveCfg = Debug|x86
		{6BC3FB29-EA87-43FA-9A5C-3F33FE7CDB5A}.Debug|iPhone.Build.0 = Debug|x86
		{6BC3FB29-EA87-43FA-9A5C-3F33FE7CDB5A}.Debug|iPhone.Deploy.0 = Debug|x86
		{6BC3FB29-EA87-43FA-9A5C-3F33FE7CDB5A}.Debug|iPhoneSimulator.ActiveCfg = Debug|x86
		{6BC3FB29-EA87-43FA-9A5C-3F33FE7CDB5A}.Debug|iPhoneSimulator.Build.0 = Debug|x86
		{6BC3FB29-EA87-43FA-9A5C-3F33FE7CDB5A}.Debug|iPhoneSimulator.Deploy.0 = Debug|x86
		{6BC3FB29-EA87-43FA-9A5C-3F33FE7CDB5A}.Debug|x64.ActiveCfg = Debug|x64
		{6BC3FB29-EA87-43FA-9A5C-3F33FE7CDB5A}.Debug|x64.Build.0 = Debug|x64
		{6BC3FB29-EA87-43FA-9A5C-3F33FE7CDB5A}.Debug|x64.Deploy.0 = Debug|x64
		{6BC3FB29-EA87-43FA-9A5C-3F33FE7CDB5A}.Debug|x86.ActiveCfg = Debug|x86
		{6BC3FB29-EA87-43FA-9A5C-3F33FE7CDB5A}.Debug|x86.Build.0 = Debug|x86
		{6BC3FB29-EA87-43FA-9A5C-3F33FE7CDB5A}.Debug|x86.Deploy.0 = Debug|x86
		{6BC3FB29-EA87-43FA-9A5C-3F33FE7CDB5A}.Release|Any CPU.ActiveCfg = Release|x86
		{6BC3FB29-EA87-43FA-9A5C-3F33FE7CDB5A}.Release|Any CPU.Build.0 = Release|x86
		{6BC3FB29-EA87-43FA-9A5C-3F33FE7CDB5A}.Release|Any CPU.Deploy.0 = Release|x86
		{6BC3FB29-EA87-43FA-9A5C-3F33FE7CDB5A}.Release|ARM.ActiveCfg = Release|ARM
		{6BC3FB29-EA87-43FA-9A5C-3F33FE7CDB5A}.Release|ARM.Build.0 = Release|ARM
		{6BC3FB29-EA87-43FA-9A5C-3F33FE7CDB5A}.Release|ARM.Deploy.0 = Release|ARM
		{6BC3FB29-EA87-43FA-9A5C-3F33FE7CDB5A}.Release|iPhone.ActiveCfg = Release|x86
		{6BC3FB29-EA87-43FA-9A5C-3F33FE7CDB5A}.Release|iPhone.Build.0 = Release|x86
		{6BC3FB29-EA87-43FA-9A5C-3F33FE7CDB5A}.Release|iPhone.Deploy.0 = Release|x86
		{6BC3FB29-EA87-43FA-9A5C-3F33FE7CDB5A}.Release|iPhoneSimulator.ActiveCfg = Release|x86
		{6BC3FB29-EA87-43FA-9A5C-3F33FE7CDB5A}.Release|iPhoneSimulator.Build.0 = Release|x86
		{6BC3FB29-EA87-43FA-9A5C-3F33FE7CDB5A}.Release|iPhoneSimulator.Deploy.0 = Release|x86
		{6BC3FB29-EA87-43FA-9A5C-3F33FE7CDB5A}.Release|x64.ActiveCfg = Release|x64
		{6BC3FB29-EA87-43FA-9A5C-3F33FE7CDB5A}.Release|x64.Build.0 = Release|x64
		{6BC3FB29-EA87-43FA-9A5C-3F33FE7CDB5A}.Release|x64.Deploy.0 = Release|x64
		{6BC3FB29-EA87-43FA-9A5C-3F33FE7CDB5A}.Release|x86.ActiveCfg = Release|x86
		{6BC3FB29-EA87-43FA-9A5C-3F33FE7CDB5A}.Release|x86.Build.0 = Release|x86
		{6BC3FB29-EA87-43FA-9A5C-3F33FE7CDB5A}.Release|x86.Deploy.0 = Release|x86
		{85E307A8-5B3C-44F2-80F6-5EDB2E1B0440}.Debug|Any CPU.ActiveCfg = Debug|Any CPU
		{85E307A8-5B3C-44F2-80F6-5EDB2E1B0440}.Debug|Any CPU.Build.0 = Debug|Any CPU
		{85E307A8-5B3C-44F2-80F6-5EDB2E1B0440}.Debug|Any CPU.Deploy.0 = Debug|Any CPU
		{85E307A8-5B3C-44F2-80F6-5EDB2E1B0440}.Debug|ARM.ActiveCfg = Debug|Any CPU
		{85E307A8-5B3C-44F2-80F6-5EDB2E1B0440}.Debug|ARM.Build.0 = Debug|Any CPU
		{85E307A8-5B3C-44F2-80F6-5EDB2E1B0440}.Debug|ARM.Deploy.0 = Debug|Any CPU
		{85E307A8-5B3C-44F2-80F6-5EDB2E1B0440}.Debug|iPhone.ActiveCfg = Debug|Any CPU
		{85E307A8-5B3C-44F2-80F6-5EDB2E1B0440}.Debug|iPhone.Build.0 = Debug|Any CPU
		{85E307A8-5B3C-44F2-80F6-5EDB2E1B0440}.Debug|iPhone.Deploy.0 = Debug|Any CPU
		{85E307A8-5B3C-44F2-80F6-5EDB2E1B0440}.Debug|iPhoneSimulator.ActiveCfg = Debug|Any CPU
		{85E307A8-5B3C-44F2-80F6-5EDB2E1B0440}.Debug|iPhoneSimulator.Build.0 = Debug|Any CPU
		{85E307A8-5B3C-44F2-80F6-5EDB2E1B0440}.Debug|iPhoneSimulator.Deploy.0 = Debug|Any CPU
		{85E307A8-5B3C-44F2-80F6-5EDB2E1B0440}.Debug|x64.ActiveCfg = Debug|Any CPU
		{85E307A8-5B3C-44F2-80F6-5EDB2E1B0440}.Debug|x64.Build.0 = Debug|Any CPU
		{85E307A8-5B3C-44F2-80F6-5EDB2E1B0440}.Debug|x64.Deploy.0 = Debug|Any CPU
		{85E307A8-5B3C-44F2-80F6-5EDB2E1B0440}.Debug|x86.ActiveCfg = Debug|Any CPU
		{85E307A8-5B3C-44F2-80F6-5EDB2E1B0440}.Debug|x86.Build.0 = Debug|Any CPU
		{85E307A8-5B3C-44F2-80F6-5EDB2E1B0440}.Debug|x86.Deploy.0 = Debug|Any CPU
		{85E307A8-5B3C-44F2-80F6-5EDB2E1B0440}.Release|Any CPU.ActiveCfg = Release|Any CPU
		{85E307A8-5B3C-44F2-80F6-5EDB2E1B0440}.Release|Any CPU.Build.0 = Release|Any CPU
		{85E307A8-5B3C-44F2-80F6-5EDB2E1B0440}.Release|Any CPU.Deploy.0 = Release|Any CPU
		{85E307A8-5B3C-44F2-80F6-5EDB2E1B0440}.Release|ARM.ActiveCfg = Release|Any CPU
		{85E307A8-5B3C-44F2-80F6-5EDB2E1B0440}.Release|ARM.Build.0 = Release|Any CPU
		{85E307A8-5B3C-44F2-80F6-5EDB2E1B0440}.Release|ARM.Deploy.0 = Release|Any CPU
		{85E307A8-5B3C-44F2-80F6-5EDB2E1B0440}.Release|iPhone.ActiveCfg = Release|Any CPU
		{85E307A8-5B3C-44F2-80F6-5EDB2E1B0440}.Release|iPhone.Build.0 = Release|Any CPU
		{85E307A8-5B3C-44F2-80F6-5EDB2E1B0440}.Release|iPhone.Deploy.0 = Release|Any CPU
		{85E307A8-5B3C-44F2-80F6-5EDB2E1B0440}.Release|iPhoneSimulator.ActiveCfg = Release|Any CPU
		{85E307A8-5B3C-44F2-80F6-5EDB2E1B0440}.Release|iPhoneSimulator.Build.0 = Release|Any CPU
		{85E307A8-5B3C-44F2-80F6-5EDB2E1B0440}.Release|iPhoneSimulator.Deploy.0 = Release|Any CPU
		{85E307A8-5B3C-44F2-80F6-5EDB2E1B0440}.Release|x64.ActiveCfg = Release|Any CPU
		{85E307A8-5B3C-44F2-80F6-5EDB2E1B0440}.Release|x64.Build.0 = Release|Any CPU
		{85E307A8-5B3C-44F2-80F6-5EDB2E1B0440}.Release|x64.Deploy.0 = Release|Any CPU
		{85E307A8-5B3C-44F2-80F6-5EDB2E1B0440}.Release|x86.ActiveCfg = Release|Any CPU
		{85E307A8-5B3C-44F2-80F6-5EDB2E1B0440}.Release|x86.Build.0 = Release|Any CPU
		{85E307A8-5B3C-44F2-80F6-5EDB2E1B0440}.Release|x86.Deploy.0 = Release|Any CPU
		{05F35E9D-4ED2-4CE5-8B49-5920AC0FFBE5}.Debug|Any CPU.ActiveCfg = Debug|iPhoneSimulator
		{05F35E9D-4ED2-4CE5-8B49-5920AC0FFBE5}.Debug|Any CPU.Build.0 = Debug|iPhoneSimulator
		{05F35E9D-4ED2-4CE5-8B49-5920AC0FFBE5}.Debug|Any CPU.Deploy.0 = Debug|iPhoneSimulator
		{05F35E9D-4ED2-4CE5-8B49-5920AC0FFBE5}.Debug|ARM.ActiveCfg = Debug|iPhone
		{05F35E9D-4ED2-4CE5-8B49-5920AC0FFBE5}.Debug|ARM.Build.0 = Debug|iPhone
		{05F35E9D-4ED2-4CE5-8B49-5920AC0FFBE5}.Debug|ARM.Deploy.0 = Debug|iPhone
		{05F35E9D-4ED2-4CE5-8B49-5920AC0FFBE5}.Debug|iPhone.ActiveCfg = Debug|iPhone
		{05F35E9D-4ED2-4CE5-8B49-5920AC0FFBE5}.Debug|iPhone.Build.0 = Debug|iPhone
		{05F35E9D-4ED2-4CE5-8B49-5920AC0FFBE5}.Debug|iPhone.Deploy.0 = Debug|iPhone
		{05F35E9D-4ED2-4CE5-8B49-5920AC0FFBE5}.Debug|iPhoneSimulator.ActiveCfg = Debug|iPhoneSimulator
		{05F35E9D-4ED2-4CE5-8B49-5920AC0FFBE5}.Debug|iPhoneSimulator.Build.0 = Debug|iPhoneSimulator
		{05F35E9D-4ED2-4CE5-8B49-5920AC0FFBE5}.Debug|iPhoneSimulator.Deploy.0 = Debug|iPhoneSimulator
		{05F35E9D-4ED2-4CE5-8B49-5920AC0FFBE5}.Debug|x64.ActiveCfg = Debug|iPhoneSimulator
		{05F35E9D-4ED2-4CE5-8B49-5920AC0FFBE5}.Debug|x64.Build.0 = Debug|iPhoneSimulator
		{05F35E9D-4ED2-4CE5-8B49-5920AC0FFBE5}.Debug|x64.Deploy.0 = Debug|iPhoneSimulator
		{05F35E9D-4ED2-4CE5-8B49-5920AC0FFBE5}.Debug|x86.ActiveCfg = Debug|iPhoneSimulator
		{05F35E9D-4ED2-4CE5-8B49-5920AC0FFBE5}.Debug|x86.Build.0 = Debug|iPhoneSimulator
		{05F35E9D-4ED2-4CE5-8B49-5920AC0FFBE5}.Debug|x86.Deploy.0 = Debug|iPhoneSimulator
		{05F35E9D-4ED2-4CE5-8B49-5920AC0FFBE5}.Release|Any CPU.ActiveCfg = Release|iPhoneSimulator
		{05F35E9D-4ED2-4CE5-8B49-5920AC0FFBE5}.Release|Any CPU.Build.0 = Release|iPhoneSimulator
		{05F35E9D-4ED2-4CE5-8B49-5920AC0FFBE5}.Release|Any CPU.Deploy.0 = Release|iPhoneSimulator
		{05F35E9D-4ED2-4CE5-8B49-5920AC0FFBE5}.Release|ARM.ActiveCfg = Release|iPhoneSimulator
		{05F35E9D-4ED2-4CE5-8B49-5920AC0FFBE5}.Release|ARM.Build.0 = Release|iPhoneSimulator
		{05F35E9D-4ED2-4CE5-8B49-5920AC0FFBE5}.Release|ARM.Deploy.0 = Release|iPhoneSimulator
		{05F35E9D-4ED2-4CE5-8B49-5920AC0FFBE5}.Release|iPhone.ActiveCfg = Release|iPhone
		{05F35E9D-4ED2-4CE5-8B49-5920AC0FFBE5}.Release|iPhone.Build.0 = Release|iPhone
		{05F35E9D-4ED2-4CE5-8B49-5920AC0FFBE5}.Release|iPhone.Deploy.0 = Release|iPhone
		{05F35E9D-4ED2-4CE5-8B49-5920AC0FFBE5}.Release|iPhoneSimulator.ActiveCfg = Release|iPhoneSimulator
		{05F35E9D-4ED2-4CE5-8B49-5920AC0FFBE5}.Release|iPhoneSimulator.Build.0 = Release|iPhoneSimulator
		{05F35E9D-4ED2-4CE5-8B49-5920AC0FFBE5}.Release|iPhoneSimulator.Deploy.0 = Release|iPhoneSimulator
		{05F35E9D-4ED2-4CE5-8B49-5920AC0FFBE5}.Release|x64.ActiveCfg = Release|iPhoneSimulator
		{05F35E9D-4ED2-4CE5-8B49-5920AC0FFBE5}.Release|x64.Build.0 = Release|iPhoneSimulator
		{05F35E9D-4ED2-4CE5-8B49-5920AC0FFBE5}.Release|x64.Deploy.0 = Release|iPhoneSimulator
		{05F35E9D-4ED2-4CE5-8B49-5920AC0FFBE5}.Release|x86.ActiveCfg = Release|iPhoneSimulator
		{05F35E9D-4ED2-4CE5-8B49-5920AC0FFBE5}.Release|x86.Build.0 = Release|iPhoneSimulator
		{05F35E9D-4ED2-4CE5-8B49-5920AC0FFBE5}.Release|x86.Deploy.0 = Release|iPhoneSimulator
		{C4631F31-7DAC-467E-BEA0-62CC12B49A2A}.Debug|Any CPU.ActiveCfg = Debug|Any CPU
		{C4631F31-7DAC-467E-BEA0-62CC12B49A2A}.Debug|Any CPU.Build.0 = Debug|Any CPU
		{C4631F31-7DAC-467E-BEA0-62CC12B49A2A}.Debug|Any CPU.Deploy.0 = Debug|Any CPU
		{C4631F31-7DAC-467E-BEA0-62CC12B49A2A}.Debug|ARM.ActiveCfg = Debug|Any CPU
		{C4631F31-7DAC-467E-BEA0-62CC12B49A2A}.Debug|ARM.Build.0 = Debug|Any CPU
		{C4631F31-7DAC-467E-BEA0-62CC12B49A2A}.Debug|ARM.Deploy.0 = Debug|Any CPU
		{C4631F31-7DAC-467E-BEA0-62CC12B49A2A}.Debug|iPhone.ActiveCfg = Debug|Any CPU
		{C4631F31-7DAC-467E-BEA0-62CC12B49A2A}.Debug|iPhone.Build.0 = Debug|Any CPU
		{C4631F31-7DAC-467E-BEA0-62CC12B49A2A}.Debug|iPhone.Deploy.0 = Debug|Any CPU
		{C4631F31-7DAC-467E-BEA0-62CC12B49A2A}.Debug|iPhoneSimulator.ActiveCfg = Debug|Any CPU
		{C4631F31-7DAC-467E-BEA0-62CC12B49A2A}.Debug|iPhoneSimulator.Build.0 = Debug|Any CPU
		{C4631F31-7DAC-467E-BEA0-62CC12B49A2A}.Debug|iPhoneSimulator.Deploy.0 = Debug|Any CPU
		{C4631F31-7DAC-467E-BEA0-62CC12B49A2A}.Debug|x64.ActiveCfg = Debug|Any CPU
		{C4631F31-7DAC-467E-BEA0-62CC12B49A2A}.Debug|x64.Build.0 = Debug|Any CPU
		{C4631F31-7DAC-467E-BEA0-62CC12B49A2A}.Debug|x64.Deploy.0 = Debug|Any CPU
		{C4631F31-7DAC-467E-BEA0-62CC12B49A2A}.Debug|x86.ActiveCfg = Debug|Any CPU
		{C4631F31-7DAC-467E-BEA0-62CC12B49A2A}.Debug|x86.Build.0 = Debug|Any CPU
		{C4631F31-7DAC-467E-BEA0-62CC12B49A2A}.Debug|x86.Deploy.0 = Debug|Any CPU
		{C4631F31-7DAC-467E-BEA0-62CC12B49A2A}.Release|Any CPU.ActiveCfg = Release|Any CPU
		{C4631F31-7DAC-467E-BEA0-62CC12B49A2A}.Release|Any CPU.Build.0 = Release|Any CPU
		{C4631F31-7DAC-467E-BEA0-62CC12B49A2A}.Release|Any CPU.Deploy.0 = Release|Any CPU
		{C4631F31-7DAC-467E-BEA0-62CC12B49A2A}.Release|ARM.ActiveCfg = Release|Any CPU
		{C4631F31-7DAC-467E-BEA0-62CC12B49A2A}.Release|ARM.Build.0 = Release|Any CPU
		{C4631F31-7DAC-467E-BEA0-62CC12B49A2A}.Release|ARM.Deploy.0 = Release|Any CPU
		{C4631F31-7DAC-467E-BEA0-62CC12B49A2A}.Release|iPhone.ActiveCfg = Release|Any CPU
		{C4631F31-7DAC-467E-BEA0-62CC12B49A2A}.Release|iPhone.Build.0 = Release|Any CPU
		{C4631F31-7DAC-467E-BEA0-62CC12B49A2A}.Release|iPhone.Deploy.0 = Release|Any CPU
		{C4631F31-7DAC-467E-BEA0-62CC12B49A2A}.Release|iPhoneSimulator.ActiveCfg = Release|Any CPU
		{C4631F31-7DAC-467E-BEA0-62CC12B49A2A}.Release|iPhoneSimulator.Build.0 = Release|Any CPU
		{C4631F31-7DAC-467E-BEA0-62CC12B49A2A}.Release|iPhoneSimulator.Deploy.0 = Release|Any CPU
		{C4631F31-7DAC-467E-BEA0-62CC12B49A2A}.Release|x64.ActiveCfg = Release|Any CPU
		{C4631F31-7DAC-467E-BEA0-62CC12B49A2A}.Release|x64.Build.0 = Release|Any CPU
		{C4631F31-7DAC-467E-BEA0-62CC12B49A2A}.Release|x64.Deploy.0 = Release|Any CPU
		{C4631F31-7DAC-467E-BEA0-62CC12B49A2A}.Release|x86.ActiveCfg = Release|Any CPU
		{C4631F31-7DAC-467E-BEA0-62CC12B49A2A}.Release|x86.Build.0 = Release|Any CPU
		{C4631F31-7DAC-467E-BEA0-62CC12B49A2A}.Release|x86.Deploy.0 = Release|Any CPU
	EndGlobalSection
	GlobalSection(SolutionProperties) = preSolution
		HideSolutionNode = FALSE
	EndGlobalSection
	GlobalSection(ExtensibilityGlobals) = postSolution
		SolutionGuid = {F189F3AE-903F-4BF3-BA4C-A986B2A98753}
	EndGlobalSection
EndGlobal
